{
  "name": "chai-all-time",
  "version": "0.0.1",
  "lockfileVersion": 3,
  "requires": true,
  "packages": {
    "": {
      "name": "chai-all-time",
      "version": "0.0.1",
      "dependencies": {
        "chai-all-time": "file:"
      },
      "engines": {
        "vscode": "^1.92.0"
      }
    },
    "node_modules/chai-all-time": {
      "resolved": "",
      "link": true
    }
  }
}
